
Microsoft Visual Studio Solution File, Format Version 12.00
# Visual Studio Version 17
VisualStudioVersion = 17.8.34511.84
MinimumVisualStudioVersion = 10.0.40219.1
Project("{9A19103F-16F7-4668-BE54-9A1E7A4F7556}") = "myMLApp", "myMLApp\myMLApp.csproj", "{BC02C3BD-993A-4132-8BCD-4336A3C5B94F}"
EndProject
Project("{9A19103F-16F7-4668-BE54-9A1E7A4F7556}") = "SentimentModel_WebApi1", "SentimentModel_WebApi1\SentimentModel_WebApi1.csproj", "{35BA2D3A-7181-484B-A19D-C1573ADFCD0C}"
EndProject
Project("{9A19103F-16F7-4668-BE54-9A1E7A4F7556}") = "SentimentModel_ConsoleApp1", "SentimentModel_ConsoleApp1\SentimentModel_ConsoleApp1.csproj", "{5DAB7D5B-55E9-48A3-8BCE-E914AB232080}"
EndProject
Project("{2150E333-8FDC-42A3-9474-1A3956D46DE8}") = "Microsoft", "Microsoft", "{95DCE7BF-17C1-418E-A7AD-8D827CB9F2D8}"
EndProject
Project("{9A19103F-16F7-4668-BE54-9A1E7A4F7556}") = "Sentiment_BinaryClassification", "Microsoft\Sentiment_BinaryClassification\Sentiment_BinaryClassification.csproj", "{21D93397-09CB-444B-9998-5215CE0F4E30}"
EndProject
Project("{9A19103F-16F7-4668-BE54-9A1E7A4F7556}") = "MulticlassClassification", "Microsoft\MulticlassClassification\MulticlassClassification.csproj", "{1C005C82-DEB7-4550-90E3-87CE1B970A97}"
EndProject
Project("{9A19103F-16F7-4668-BE54-9A1E7A4F7556}") = "Regression_PricePredictor", "Microsoft\Regression_PricePredictor\Regression_PricePredictor.csproj", "{1B6C524F-7858-4EE7-84BA-D97BCF31F354}"
EndProject
Project("{9A19103F-16F7-4668-BE54-9A1E7A4F7556}") = "Clustering_IrisClustering", "Microsoft\Clustering_IrisClustering\Clustering_IrisClustering.csproj", "{F202213B-7FC7-4D1B-8570-316B82B98015}"
EndProject
Project("{FAE04EC0-301F-11D3-BF4B-00C04F79EFBC}") = "Recommendation", "Microsoft\Recommendation\Recommendation.csproj", "{C56F557E-CE7A-4139-B0FC-F6FEE54B33C6}"
EndProject
Global
	GlobalSection(SolutionConfigurationPlatforms) = preSolution
		Debug|Any CPU = Debug|Any CPU
		Release|Any CPU = Release|Any CPU
	EndGlobalSection
	GlobalSection(ProjectConfigurationPlatforms) = postSolution
		{BC02C3BD-993A-4132-8BCD-4336A3C5B94F}.Debug|Any CPU.ActiveCfg = Debug|Any CPU
		{BC02C3BD-993A-4132-8BCD-4336A3C5B94F}.Debug|Any CPU.Build.0 = Debug|Any CPU
		{BC02C3BD-993A-4132-8BCD-4336A3C5B94F}.Release|Any CPU.ActiveCfg = Release|Any CPU
		{BC02C3BD-993A-4132-8BCD-4336A3C5B94F}.Release|Any CPU.Build.0 = Release|Any CPU
		{35BA2D3A-7181-484B-A19D-C1573ADFCD0C}.Debug|Any CPU.ActiveCfg = Debug|Any CPU
		{35BA2D3A-7181-484B-A19D-C1573ADFCD0C}.Debug|Any CPU.Build.0 = Debug|Any CPU
		{35BA2D3A-7181-484B-A19D-C1573ADFCD0C}.Release|Any CPU.ActiveCfg = Release|Any CPU
		{35BA2D3A-7181-484B-A19D-C1573ADFCD0C}.Release|Any CPU.Build.0 = Release|Any CPU
		{5DAB7D5B-55E9-48A3-8BCE-E914AB232080}.Debug|Any CPU.ActiveCfg = Debug|Any CPU
		{5DAB7D5B-55E9-48A3-8BCE-E914AB232080}.Debug|Any CPU.Build.0 = Debug|Any CPU
		{5DAB7D5B-55E9-48A3-8BCE-E914AB232080}.Release|Any CPU.ActiveCfg = Release|Any CPU
		{5DAB7D5B-55E9-48A3-8BCE-E914AB232080}.Release|Any CPU.Build.0 = Release|Any CPU
		{21D93397-09CB-444B-9998-5215CE0F4E30}.Debug|Any CPU.ActiveCfg = Debug|Any CPU
		{21D93397-09CB-444B-9998-5215CE0F4E30}.Debug|Any CPU.Build.0 = Debug|Any CPU
		{21D93397-09CB-444B-9998-5215CE0F4E30}.Release|Any CPU.ActiveCfg = Release|Any CPU
		{21D93397-09CB-444B-9998-5215CE0F4E30}.Release|Any CPU.Build.0 = Release|Any CPU
		{1C005C82-DEB7-4550-90E3-87CE1B970A97}.Debug|Any CPU.ActiveCfg = Debug|Any CPU
		{1C005C82-DEB7-4550-90E3-87CE1B970A97}.Debug|Any CPU.Build.0 = Debug|Any CPU
		{1C005C82-DEB7-4550-90E3-87CE1B970A97}.Release|Any CPU.ActiveCfg = Release|Any CPU
		{1C005C82-DEB7-4550-90E3-87CE1B970A97}.Release|Any CPU.Build.0 = Release|Any CPU
		{1B6C524F-7858-4EE7-84BA-D97BCF31F354}.Debug|Any CPU.ActiveCfg = Debug|Any CPU
		{1B6C524F-7858-4EE7-84BA-D97BCF31F354}.Debug|Any CPU.Build.0 = Debug|Any CPU
		{1B6C524F-7858-4EE7-84BA-D97BCF31F354}.Release|Any CPU.ActiveCfg = Release|Any CPU
		{1B6C524F-7858-4EE7-84BA-D97BCF31F354}.Release|Any CPU.Build.0 = Release|Any CPU
		{F202213B-7FC7-4D1B-8570-316B82B98015}.Debug|Any CPU.ActiveCfg = Debug|Any CPU
		{F202213B-7FC7-4D1B-8570-316B82B98015}.Debug|Any CPU.Build.0 = Debug|Any CPU
		{F202213B-7FC7-4D1B-8570-316B82B98015}.Release|Any CPU.ActiveCfg = Release|Any CPU
		{F202213B-7FC7-4D1B-8570-316B82B98015}.Release|Any CPU.Build.0 = Release|Any CPU
		{C56F557E-CE7A-4139-B0FC-F6FEE54B33C6}.Debug|Any CPU.ActiveCfg = Debug|Any CPU
		{C56F557E-CE7A-4139-B0FC-F6FEE54B33C6}.Debug|Any CPU.Build.0 = Debug|Any CPU
		{C56F557E-CE7A-4139-B0FC-F6FEE54B33C6}.Release|Any CPU.ActiveCfg = Release|Any CPU
		{C56F557E-CE7A-4139-B0FC-F6FEE54B33C6}.Release|Any CPU.Build.0 = Release|Any CPU
	EndGlobalSection
	GlobalSection(SolutionProperties) = preSolution
		HideSolutionNode = FALSE
	EndGlobalSection
	GlobalSection(NestedProjects) = preSolution
		{21D93397-09CB-444B-9998-5215CE0F4E30} = {95DCE7BF-17C1-418E-A7AD-8D827CB9F2D8}
		{1C005C82-DEB7-4550-90E3-87CE1B970A97} = {95DCE7BF-17C1-418E-A7AD-8D827CB9F2D8}
		{1B6C524F-7858-4EE7-84BA-D97BCF31F354} = {95DCE7BF-17C1-418E-A7AD-8D827CB9F2D8}
		{F202213B-7FC7-4D1B-8570-316B82B98015} = {95DCE7BF-17C1-418E-A7AD-8D827CB9F2D8}
		{C56F557E-CE7A-4139-B0FC-F6FEE54B33C6} = {95DCE7BF-17C1-418E-A7AD-8D827CB9F2D8}
	EndGlobalSection
	GlobalSection(ExtensibilityGlobals) = postSolution
		SolutionGuid = {0139B1D2-B4A1-437D-81C8-240A3A6EEB56}
	EndGlobalSection
EndGlobal
